
Microsoft Visual Studio Solution File, Format Version 12.00
Project("{2150E333-8FDC-42A3-9474-1A3956D46DE8}") = "docs", "docs", "{A61BD759-DA7B-4021-872F-6A3F53988EA6}"
EndProject
Project("{2150E333-8FDC-42A3-9474-1A3956D46DE8}") = "src", "src", "{5FB8F56E-0072-421A-8AF3-13D68DC72C4E}"
EndProject
Project("{2150E333-8FDC-42A3-9474-1A3956D46DE8}") = "tests", "tests", "{B3DA8043-0209-4318-8950-835C59AAD8D2}"
EndProject
Project("{2150E333-8FDC-42A3-9474-1A3956D46DE8}") = ". root", ". root", "{8A4C860B-417D-49BE-9290-3D8C7F7D3310}"
	ProjectSection(SolutionItems) = preProject
		.editorconfig = .editorconfig
		.gitignore = .gitignore
		AllyariaEditor.sln = AllyariaEditor.sln
		CHANGELOG.md = CHANGELOG.md
		CODE_OF_CONDUCT.md = CODE_OF_CONDUCT.md
		CONTRIBUTING.md = CONTRIBUTING.md
		GOVERNANCE.md = GOVERNANCE.md
		LICENSE = LICENSE
		README.md = README.md
		SECURITY.md = SECURITY.md
		.gitattributes = .gitattributes
		Directory.Build.props = Directory.Build.props
		Directory.Packages.props = Directory.Packages.props
	EndProjectSection
EndProject
Project("{2150E333-8FDC-42A3-9474-1A3956D46DE8}") = ".github", ".github", "{493084B8-8B91-4A63-A4EE-D816F4822061}"
	ProjectSection(SolutionItems) = preProject
		.github\CODEOWNERS = .github\CODEOWNERS
		.github\dependabot.yml.bak = .github\dependabot.yml.bak
		.github\PULL_REQUEST_TEMPLATE.md = .github\PULL_REQUEST_TEMPLATE.md
	EndProjectSection
EndProject
Project("{2150E333-8FDC-42A3-9474-1A3956D46DE8}") = "standards", "standards", "{910B2B97-5E69-40A0-8160-C9DBF4BD59C7}"
	ProjectSection(SolutionItems) = preProject
		docs\standards\CSharp.md = docs\standards\CSharp.md
		docs\standards\JavaScript.md = docs\standards\JavaScript.md
		docs\standards\SCSS.md = docs\standards\SCSS.md
		docs\standards\Razor.md = docs\standards\Razor.md
		docs\standards\Accessibility.md = docs\standards\Accessibility.md
		docs\standards\Localization.md = docs\standards\Localization.md
	EndProjectSection
EndProject
Project("{2150E333-8FDC-42A3-9474-1A3956D46DE8}") = "ISSUE_TEMPLATE", "ISSUE_TEMPLATE", "{F2D6F24B-5CED-4FA0-A0E8-1C82002105D8}"
	ProjectSection(SolutionItems) = preProject
		.github\ISSUE_TEMPLATE\bug_report.md = .github\ISSUE_TEMPLATE\bug_report.md
		.github\ISSUE_TEMPLATE\feature_request.md = .github\ISSUE_TEMPLATE\feature_request.md
	EndProjectSection
EndProject
Project("{2150E333-8FDC-42A3-9474-1A3956D46DE8}") = "tools", "tools", "{DED658B6-9204-4927-A97F-5B52128BD09A}"
EndProject
Project("{2150E333-8FDC-42A3-9474-1A3956D46DE8}") = "editor", "editor", "{3FB71FA4-3B7E-4435-8176-91048571FBC8}"
EndProject
Project("{2150E333-8FDC-42A3-9474-1A3956D46DE8}") = "plugins", "plugins", "{67C2B688-32EC-46A1-BC99-217F50AB7F01}"
EndProject
Project("{FAE04EC0-301F-11D3-BF4B-00C04F79EFBC}") = "Allyaria.Editor", "src\editor\Allyaria.Editor\Allyaria.Editor.csproj", "{196BBE22-A416-4CDE-9FCD-0BA41C430DA2}"
EndProject
Project("{FAE04EC0-301F-11D3-BF4B-00C04F79EFBC}") = "Allyaria.Editor.Abstractions", "src\editor\Allyaria.Editor.Abstractions\Allyaria.Editor.Abstractions.csproj", "{87D910AB-E6A6-47FD-92C2-7BA6CFF93211}"
EndProject
Project("{FAE04EC0-301F-11D3-BF4B-00C04F79EFBC}") = "Allyaria.Plugins.Formatting", "src\plugins\Allyaria.Plugins.Formatting\Allyaria.Plugins.Formatting.csproj", "{2EDA019A-7641-4145-BE83-431222469B85}"
EndProject
Project("{FAE04EC0-301F-11D3-BF4B-00C04F79EFBC}") = "Allyaria.Tests.Unit", "tests\Allyaria.Tests.Unit\Allyaria.Tests.Unit.csproj", "{904714B4-9087-43B7-A5B2-8F73068ECAEB}"
EndProject
Project("{FAE04EC0-301F-11D3-BF4B-00C04F79EFBC}") = "Allyaria.Tests.Component", "tests\Allyaria.Tests.Component\Allyaria.Tests.Component.csproj", "{9F6A97DA-8CD4-49BE-836A-1962961A2A11}"
EndProject
Project("{FAE04EC0-301F-11D3-BF4B-00C04F79EFBC}") = "Allyaria.Tests.Accessibility", "tests\Allyaria.Tests.Accessibility\Allyaria.Tests.Accessibility.csproj", "{861586E1-553E-4163-8F9E-50965AD3A1F1}"
EndProject
Project("{FAE04EC0-301F-11D3-BF4B-00C04F79EFBC}") = "Allyaria.Tests.Playwrite", "tests\Allyaria.Tests.Playwrite\Allyaria.Tests.Playwrite.csproj", "{739115F1-2338-4141-89D7-B31A5F61B6DC}"
EndProject
Project("{FAE04EC0-301F-11D3-BF4B-00C04F79EFBC}") = "Allyaria.Tools.Benchmarks", "tools\Allyaria.Tools.Benchmarks\Allyaria.Tools.Benchmarks.csproj", "{53FA0849-1F70-474E-9EDF-E0D3951FF569}"
EndProject
Project("{FAE04EC0-301F-11D3-BF4B-00C04F79EFBC}") = "Allyaria.Tools.Analyzers", "tools\Allyaria.Tools.Analyzers\Allyaria.Tools.Analyzers.csproj", "{0B18A4A6-6DE6-4678-AA4A-8664B447D879}"
EndProject
Project("{FAE04EC0-301F-11D3-BF4B-00C04F79EFBC}") = "Allyaria.Tools.SampleSite", "tools\Allyaria.Tools.SampleSite\Allyaria.Tools.SampleSite.csproj", "{90FBC1DE-A9B1-45B2-98E4-3C74B2B98A32}"
EndProject
Global
	GlobalSection(SolutionConfigurationPlatforms) = preSolution
		Debug|Any CPU = Debug|Any CPU
		Release|Any CPU = Release|Any CPU
	EndGlobalSection
	GlobalSection(NestedProjects) = preSolution
		{910B2B97-5E69-40A0-8160-C9DBF4BD59C7} = {A61BD759-DA7B-4021-872F-6A3F53988EA6}
		{F2D6F24B-5CED-4FA0-A0E8-1C82002105D8} = {493084B8-8B91-4A63-A4EE-D816F4822061}
		{3FB71FA4-3B7E-4435-8176-91048571FBC8} = {5FB8F56E-0072-421A-8AF3-13D68DC72C4E}
		{67C2B688-32EC-46A1-BC99-217F50AB7F01} = {5FB8F56E-0072-421A-8AF3-13D68DC72C4E}
		{196BBE22-A416-4CDE-9FCD-0BA41C430DA2} = {3FB71FA4-3B7E-4435-8176-91048571FBC8}
		{87D910AB-E6A6-47FD-92C2-7BA6CFF93211} = {3FB71FA4-3B7E-4435-8176-91048571FBC8}
		{2EDA019A-7641-4145-BE83-431222469B85} = {67C2B688-32EC-46A1-BC99-217F50AB7F01}
		{904714B4-9087-43B7-A5B2-8F73068ECAEB} = {B3DA8043-0209-4318-8950-835C59AAD8D2}
		{9F6A97DA-8CD4-49BE-836A-1962961A2A11} = {B3DA8043-0209-4318-8950-835C59AAD8D2}
		{861586E1-553E-4163-8F9E-50965AD3A1F1} = {B3DA8043-0209-4318-8950-835C59AAD8D2}
		{739115F1-2338-4141-89D7-B31A5F61B6DC} = {B3DA8043-0209-4318-8950-835C59AAD8D2}
		{53FA0849-1F70-474E-9EDF-E0D3951FF569} = {DED658B6-9204-4927-A97F-5B52128BD09A}
		{0B18A4A6-6DE6-4678-AA4A-8664B447D879} = {DED658B6-9204-4927-A97F-5B52128BD09A}
		{90FBC1DE-A9B1-45B2-98E4-3C74B2B98A32} = {DED658B6-9204-4927-A97F-5B52128BD09A}
	EndGlobalSection
	GlobalSection(ProjectConfigurationPlatforms) = postSolution
		{196BBE22-A416-4CDE-9FCD-0BA41C430DA2}.Debug|Any CPU.ActiveCfg = Debug|Any CPU
		{196BBE22-A416-4CDE-9FCD-0BA41C430DA2}.Debug|Any CPU.Build.0 = Debug|Any CPU
		{196BBE22-A416-4CDE-9FCD-0BA41C430DA2}.Release|Any CPU.ActiveCfg = Release|Any CPU
		{196BBE22-A416-4CDE-9FCD-0BA41C430DA2}.Release|Any CPU.Build.0 = Release|Any CPU
		{87D910AB-E6A6-47FD-92C2-7BA6CFF93211}.Debug|Any CPU.ActiveCfg = Debug|Any CPU
		{87D910AB-E6A6-47FD-92C2-7BA6CFF93211}.Debug|Any CPU.Build.0 = Debug|Any CPU
		{87D910AB-E6A6-47FD-92C2-7BA6CFF93211}.Release|Any CPU.ActiveCfg = Release|Any CPU
		{87D910AB-E6A6-47FD-92C2-7BA6CFF93211}.Release|Any CPU.Build.0 = Release|Any CPU
		{2EDA019A-7641-4145-BE83-431222469B85}.Debug|Any CPU.ActiveCfg = Debug|Any CPU
		{2EDA019A-7641-4145-BE83-431222469B85}.Debug|Any CPU.Build.0 = Debug|Any CPU
		{2EDA019A-7641-4145-BE83-431222469B85}.Release|Any CPU.ActiveCfg = Release|Any CPU
		{2EDA019A-7641-4145-BE83-431222469B85}.Release|Any CPU.Build.0 = Release|Any CPU
		{904714B4-9087-43B7-A5B2-8F73068ECAEB}.Debug|Any CPU.ActiveCfg = Debug|Any CPU
		{904714B4-9087-43B7-A5B2-8F73068ECAEB}.Debug|Any CPU.Build.0 = Debug|Any CPU
		{904714B4-9087-43B7-A5B2-8F73068ECAEB}.Release|Any CPU.ActiveCfg = Release|Any CPU
		{904714B4-9087-43B7-A5B2-8F73068ECAEB}.Release|Any CPU.Build.0 = Release|Any CPU
		{9F6A97DA-8CD4-49BE-836A-1962961A2A11}.Debug|Any CPU.ActiveCfg = Debug|Any CPU
		{9F6A97DA-8CD4-49BE-836A-1962961A2A11}.Debug|Any CPU.Build.0 = Debug|Any CPU
		{9F6A97DA-8CD4-49BE-836A-1962961A2A11}.Release|Any CPU.ActiveCfg = Release|Any CPU
		{9F6A97DA-8CD4-49BE-836A-1962961A2A11}.Release|Any CPU.Build.0 = Release|Any CPU
		{861586E1-553E-4163-8F9E-50965AD3A1F1}.Debug|Any CPU.ActiveCfg = Debug|Any CPU
		{861586E1-553E-4163-8F9E-50965AD3A1F1}.Debug|Any CPU.Build.0 = Debug|Any CPU
		{861586E1-553E-4163-8F9E-50965AD3A1F1}.Release|Any CPU.ActiveCfg = Release|Any CPU
		{861586E1-553E-4163-8F9E-50965AD3A1F1}.Release|Any CPU.Build.0 = Release|Any CPU
		{739115F1-2338-4141-89D7-B31A5F61B6DC}.Debug|Any CPU.ActiveCfg = Debug|Any CPU
		{739115F1-2338-4141-89D7-B31A5F61B6DC}.Debug|Any CPU.Build.0 = Debug|Any CPU
		{739115F1-2338-4141-89D7-B31A5F61B6DC}.Release|Any CPU.ActiveCfg = Release|Any CPU
		{739115F1-2338-4141-89D7-B31A5F61B6DC}.Release|Any CPU.Build.0 = Release|Any CPU
		{53FA0849-1F70-474E-9EDF-E0D3951FF569}.Debug|Any CPU.ActiveCfg = Debug|Any CPU
		{53FA0849-1F70-474E-9EDF-E0D3951FF569}.Debug|Any CPU.Build.0 = Debug|Any CPU
		{53FA0849-1F70-474E-9EDF-E0D3951FF569}.Release|Any CPU.ActiveCfg = Release|Any CPU
		{53FA0849-1F70-474E-9EDF-E0D3951FF569}.Release|Any CPU.Build.0 = Release|Any CPU
		{0B18A4A6-6DE6-4678-AA4A-8664B447D879}.Debug|Any CPU.ActiveCfg = Debug|Any CPU
		{0B18A4A6-6DE6-4678-AA4A-8664B447D879}.Debug|Any CPU.Build.0 = Debug|Any CPU
		{0B18A4A6-6DE6-4678-AA4A-8664B447D879}.Release|Any CPU.ActiveCfg = Release|Any CPU
		{0B18A4A6-6DE6-4678-AA4A-8664B447D879}.Release|Any CPU.Build.0 = Release|Any CPU
		{90FBC1DE-A9B1-45B2-98E4-3C74B2B98A32}.Debug|Any CPU.ActiveCfg = Debug|Any CPU
		{90FBC1DE-A9B1-45B2-98E4-3C74B2B98A32}.Debug|Any CPU.Build.0 = Debug|Any CPU
		{90FBC1DE-A9B1-45B2-98E4-3C74B2B98A32}.Release|Any CPU.ActiveCfg = Release|Any CPU
		{90FBC1DE-A9B1-45B2-98E4-3C74B2B98A32}.Release|Any CPU.Build.0 = Release|Any CPU
	EndGlobalSection
EndGlobal
