
Microsoft Visual Studio Solution File, Format Version 12.00
Project("{2150E333-8FDC-42A3-9474-1A3956D46DE8}") = "docs", "docs", "{A61BD759-DA7B-4021-872F-6A3F53988EA6}"
EndProject
Project("{2150E333-8FDC-42A3-9474-1A3956D46DE8}") = "samples", "samples", "{70496744-0FDC-4B60-890D-7CBA19A6344C}"
EndProject
Project("{2150E333-8FDC-42A3-9474-1A3956D46DE8}") = "src", "src", "{5FB8F56E-0072-421A-8AF3-13D68DC72C4E}"
EndProject
Project("{2150E333-8FDC-42A3-9474-1A3956D46DE8}") = "tests", "tests", "{B3DA8043-0209-4318-8950-835C59AAD8D2}"
EndProject
Project("{2150E333-8FDC-42A3-9474-1A3956D46DE8}") = ". root", ". root", "{8A4C860B-417D-49BE-9290-3D8C7F7D3310}"
	ProjectSection(SolutionItems) = preProject
		.editorconfig = .editorconfig
		.gitignore = .gitignore
		AllyariaEditor.sln = AllyariaEditor.sln
		CHANGELOG.md = CHANGELOG.md
		CODE_OF_CONDUCT.md = CODE_OF_CONDUCT.md
		CONTRIBUTING.md = CONTRIBUTING.md
		GOVERNANCE.md = GOVERNANCE.md
		LICENSE = LICENSE
		README.md = README.md
		SECURITY.md = SECURITY.md
	EndProjectSection
EndProject
Project("{2150E333-8FDC-42A3-9474-1A3956D46DE8}") = ".github", ".github", "{493084B8-8B91-4A63-A4EE-D816F4822061}"
	ProjectSection(SolutionItems) = preProject
		.github\CODEOWNERS = .github\CODEOWNERS
		.github\dependabot.yml.bak = .github\dependabot.yml.bak
		.github\PULL_REQUEST_TEMPLATE.md = .github\PULL_REQUEST_TEMPLATE.md
	EndProjectSection
EndProject
Project("{2150E333-8FDC-42A3-9474-1A3956D46DE8}") = "standards", "standards", "{910B2B97-5E69-40A0-8160-C9DBF4BD59C7}"
	ProjectSection(SolutionItems) = preProject
		docs\standards\CSharp.md = docs\standards\CSharp.md
		docs\standards\JavaScript.md = docs\standards\JavaScript.md
		docs\standards\SCSS.md = docs\standards\SCSS.md
		docs\standards\Razor.md = docs\standards\Razor.md
		docs\standards\Accessibility.md = docs\standards\Accessibility.md
		docs\standards\Localization.md = docs\standards\Localization.md
	EndProjectSection
EndProject
Project("{2150E333-8FDC-42A3-9474-1A3956D46DE8}") = "ISSUE_TEMPLATE", "ISSUE_TEMPLATE", "{F2D6F24B-5CED-4FA0-A0E8-1C82002105D8}"
	ProjectSection(SolutionItems) = preProject
		.github\ISSUE_TEMPLATE\bug_report.md = .github\ISSUE_TEMPLATE\bug_report.md
		.github\ISSUE_TEMPLATE\feature_request.md = .github\ISSUE_TEMPLATE\feature_request.md
	EndProjectSection
EndProject
Global
	GlobalSection(SolutionConfigurationPlatforms) = preSolution
		Debug|Any CPU = Debug|Any CPU
		Release|Any CPU = Release|Any CPU
	EndGlobalSection
	GlobalSection(NestedProjects) = preSolution
		{910B2B97-5E69-40A0-8160-C9DBF4BD59C7} = {A61BD759-DA7B-4021-872F-6A3F53988EA6}
		{F2D6F24B-5CED-4FA0-A0E8-1C82002105D8} = {493084B8-8B91-4A63-A4EE-D816F4822061}
	EndGlobalSection
EndGlobal
